
Microsoft Visual Studio Solution File, Format Version 12.00
# Visual Studio Version 17
VisualStudioVersion = 17.3.32929.385
MinimumVisualStudioVersion = 10.0.40219.1
Project("{8BC9CEB8-8B4A-11D0-8D11-00A0C91BC942}") = "eq2main", "eq2main.vcxproj", "{762F5FB8-1927-4104-9E39-09C9D246EBCE}"
EndProject
Global
	GlobalSection(SolutionConfigurationPlatforms) = preSolution
		Debug|x64 = Debug|x64
		Debug|x86 = Debug|x86
		Release|x64 = Release|x64
		Release|x86 = Release|x86
	EndGlobalSection
	GlobalSection(ProjectConfigurationPlatforms) = postSolution
		{762F5FB8-1927-4104-9E39-09C9D246EBCE}.Debug|x64.ActiveCfg = Debug|x64
		{762F5FB8-1927-4104-9E39-09C9D246EBCE}.Debug|x64.Build.0 = Debug|x64
		{762F5FB8-1927-4104-9E39-09C9D246EBCE}.Debug|x86.ActiveCfg = Debug|Win32
		{762F5FB8-1927-4104-9E39-09C9D246EBCE}.Debug|x86.Build.0 = Debug|Win32
		{762F5FB8-1927-4104-9E39-09C9D246EBCE}.Release|x64.ActiveCfg = Release|x64
		{762F5FB8-1927-4104-9E39-09C9D246EBCE}.Release|x64.Build.0 = Release|x64
		{762F5FB8-1927-4104-9E39-09C9D246EBCE}.Release|x86.ActiveCfg = Release|Win32
		{762F5FB8-1927-4104-9E39-09C9D246EBCE}.Release|x86.Build.0 = Release|Win32
	EndGlobalSection
	GlobalSection(SolutionProperties) = preSolution
		HideSolutionNode = FALSE
	EndGlobalSection
	GlobalSection(ExtensibilityGlobals) = postSolution
		SolutionGuid = {90E79B79-C318-4A32-B1F3-6047B391D322}
	EndGlobalSection
EndGlobal
